
Microsoft Visual Studio Solution File, Format Version 12.00
# Visual Studio Version 17
VisualStudioVersion = 17.11.35327.3
MinimumVisualStudioVersion = 10.0.40219.1
Project("{FAE04EC0-301F-11D3-BF4B-00C04F79EFBC}") = "Server", "Server\Server.csproj", "{15F9334A-1D83-45C5-99CC-0F8CAA187D4C}"
EndProject
Project("{FAE04EC0-301F-11D3-BF4B-00C04F79EFBC}") = "Client", "Client\Client.csproj", "{404FDE9D-14C9-46C5-A6CB-A46B8066F907}"
EndProject
Global
	GlobalSection(SolutionConfigurationPlatforms) = preSolution
		Debug|Any CPU = Debug|Any CPU
		Release|Any CPU = Release|Any CPU
	EndGlobalSection
	GlobalSection(ProjectConfigurationPlatforms) = postSolution
		{15F9334A-1D83-45C5-99CC-0F8CAA187D4C}.Debug|Any CPU.ActiveCfg = Debug|Any CPU
		{15F9334A-1D83-45C5-99CC-0F8CAA187D4C}.Debug|Any CPU.Build.0 = Debug|Any CPU
		{15F9334A-1D83-45C5-99CC-0F8CAA187D4C}.Release|Any CPU.ActiveCfg = Release|Any CPU
		{15F9334A-1D83-45C5-99CC-0F8CAA187D4C}.Release|Any CPU.Build.0 = Release|Any CPU
		{404FDE9D-14C9-46C5-A6CB-A46B8066F907}.Debug|Any CPU.ActiveCfg = Debug|Any CPU
		{404FDE9D-14C9-46C5-A6CB-A46B8066F907}.Debug|Any CPU.Build.0 = Debug|Any CPU
		{404FDE9D-14C9-46C5-A6CB-A46B8066F907}.Release|Any CPU.ActiveCfg = Release|Any CPU
		{404FDE9D-14C9-46C5-A6CB-A46B8066F907}.Release|Any CPU.Build.0 = Release|Any CPU
	EndGlobalSection
	GlobalSection(SolutionProperties) = preSolution
		HideSolutionNode = FALSE
	EndGlobalSection
	GlobalSection(ExtensibilityGlobals) = postSolution
		SolutionGuid = {7024F8A4-DF41-424F-A2D3-7DD7555C8A83}
	EndGlobalSection
EndGlobal
